schema: '2.0'
stages:
  data_ingestion:
    cmd: python src/cnnClassifier/pipeline/stage_01_data_ingestion.py
    deps:
    - path: config/config.yaml
      hash: md5
      md5: c2d756c1410b7c23862f9f591d0130f0
      size: 800
    - path: src/cnnClassifier/pipeline/stage_01_data_ingestion.py
      hash: md5
      md5: d6d905c24318799e1688ad9788111fc9
      size: 924
    outs:
    - path: artifacts/data_ingestion/Chicken-fecal-images
      hash: md5
      md5: 9e1f8dd2eae3c29e9d635df89d438ae4.dir
      size: 12207807
      nfiles: 390
  prepare_base_model:
    cmd: python src/cnnClassifier/pipeline/stage_02_prepare_base_model.py
    deps:
    - path: config/config.yaml
      hash: md5
      md5: c2d756c1410b7c23862f9f591d0130f0
      size: 800
    - path: src/cnnClassifier/pipeline/stage_02_prepare_base_model.py
      hash: md5
      md5: 904e849c6a30a75dacb6648df6f86da2
      size: 1009
    params:
      params.yaml:
        CLASSES: 2
        IMAGE_SIZE:
        - 224
        - 224
        - 3
        INCLUDE_TOP: false
        LEARNING_RATE: 0.01
        WEIGHTS: imagenet
    outs:
    - path: artifacts/prepare_base_model
      hash: md5
      md5: 3911c1888fdceedbca28dab031305710.dir
      size: 118059248
      nfiles: 2
  training:
    cmd: python src/cnnClassifier/pipeline/stage_03_training.py
    deps:
    - path: artifacts/data_ingestion/Chicken-fecal-images
      hash: md5
      md5: 9e1f8dd2eae3c29e9d635df89d438ae4.dir
      size: 12207807
      nfiles: 390
    - path: artifacts/prepare_base_model
      hash: md5
      md5: 3911c1888fdceedbca28dab031305710.dir
      size: 118059248
      nfiles: 2
    - path: config/config.yaml
      hash: md5
      md5: c2d756c1410b7c23862f9f591d0130f0
      size: 800
    - path: src/cnnClassifier/components/prepare_callbacks.py
      hash: md5
      md5: 834fe50ecdef904c66865e4e66f22814
      size: 997
    - path: src/cnnClassifier/pipeline/stage_03_training.py
      hash: md5
      md5: 4f0ed8c748c180655d7324968f3d1bae
      size: 1264
    params:
      params.yaml:
        AUGMENTATION: true
        BATCH_SIZE: 16
        EPOCHS: 1
        IMAGE_SIZE:
        - 224
        - 224
        - 3
    outs:
    - path: artifacts/training/model.h5
      hash: md5
      md5: 111db84f6261342fcb7d712d59d49ee4
      size: 59340720
  evaluation:
    cmd: python src/cnnClassifier/pipeline/stage_04_evaluation.py
    deps:
    - path: artifacts/data_ingestion/Chicken-fecal-images
      hash: md5
      md5: 9e1f8dd2eae3c29e9d635df89d438ae4.dir
      size: 12207807
      nfiles: 390
    - path: artifacts/training/model.h5
      hash: md5
      md5: 111db84f6261342fcb7d712d59d49ee4
      size: 59340720
    - path: config/config.yaml
      hash: md5
      md5: c2d756c1410b7c23862f9f591d0130f0
      size: 800
    - path: src/cnnClassifier/pipeline/stage_04_evaluation.py
      hash: md5
      md5: bb9d76c1fabc0d4370d800c9b830ac4d
      size: 879
    params:
      params.yaml:
        BATCH_SIZE: 16
        IMAGE_SIZE:
        - 224
        - 224
        - 3
    outs:
    - path: scores.json
      hash: md5
      md5: 23a823f910db88c2f75642b6726a39db
      size: 58
